Microsoft Visual Studio Solution File, Format Version 12.00
# Visual Studio Version 17
VisualStudioVersion = 17.0.31903.59
MinimumVisualStudioVersion = 10.0.40219.1
Project("{2150E333-8FDC-42A3-9474-1A3956D46DE8}") = "src", "src", "{5B5B76A0-7B6A-4B5E-8F9B-11AA11AA1111}"
EndProject
Project("{2150E333-8FDC-42A3-9474-1A3956D46DE8}") = "tests", "tests", "{5B5B76A0-7B6A-4B5E-8F9B-22BB22BB2222}"
EndProject
Project("{FAE04EC0-301F-11D3-BF4B-00C04F79EFBC}") = "MorphMapping", "src\MorphMapping\MorphMapping.csproj", "{A1A1A1A1-1111-4111-8111-111111111111}"
EndProject
Project("{FAE04EC0-301F-11D3-BF4B-00C04F79EFBC}") = "MorphMapping.DependencyInjection", "src\MorphMapping.DependencyInjection\MorphMapping.DependencyInjection.csproj", "{B2B2B2B2-2222-4222-8222-222222222222}"
EndProject
Project("{FAE04EC0-301F-11D3-BF4B-00C04F79EFBC}") = "MorphMapping.Tests", "tests\MorphMapping.Tests\MorphMapping.Tests.csproj", "{C3C3C3C3-3333-4333-8333-333333333333}"
EndProject
Global
	GlobalSection(SolutionConfigurationPlatforms) = preSolution
		Debug|Any CPU = Debug|Any CPU
		Release|Any CPU = Release|Any CPU
	EndGlobalSection
	GlobalSection(ProjectConfigurationPlatforms) = postSolution
		{A1A1A1A1-1111-4111-8111-111111111111}.Debug|Any CPU.ActiveCfg = Debug|Any CPU
		{A1A1A1A1-1111-4111-8111-111111111111}.Debug|Any CPU.Build.0 = Debug|Any CPU
		{A1A1A1A1-1111-4111-8111-111111111111}.Release|Any CPU.ActiveCfg = Release|Any CPU
		{A1A1A1A1-1111-4111-8111-111111111111}.Release|Any CPU.Build.0 = Release|Any CPU
		{B2B2B2B2-2222-4222-8222-222222222222}.Debug|Any CPU.ActiveCfg = Debug|Any CPU
		{B2B2B2B2-2222-4222-8222-222222222222}.Debug|Any CPU.Build.0 = Debug|Any CPU
		{B2B2B2B2-2222-4222-8222-222222222222}.Release|Any CPU.ActiveCfg = Release|Any CPU
		{B2B2B2B2-2222-4222-8222-222222222222}.Release|Any CPU.Build.0 = Release|Any CPU
		{C3C3C3C3-3333-4333-8333-333333333333}.Debug|Any CPU.ActiveCfg = Debug|Any CPU
		{C3C3C3C3-3333-4333-8333-333333333333}.Debug|Any CPU.Build.0 = Debug|Any CPU
		{C3C3C3C3-3333-4333-8333-333333333333}.Release|Any CPU.ActiveCfg = Release|Any CPU
		{C3C3C3C3-3333-4333-8333-333333333333}.Release|Any CPU.Build.0 = Release|Any CPU
	EndGlobalSection
	GlobalSection(SolutionProperties) = preSolution
		HideSolutionNode = FALSE
	EndGlobalSection
	GlobalSection(NestedProjects) = preSolution
		{A1A1A1A1-1111-4111-8111-111111111111} = {5B5B76A0-7B6A-4B5E-8F9B-11AA11AA1111}
		{B2B2B2B2-2222-4222-8222-222222222222} = {5B5B76A0-7B6A-4B5E-8F9B-11AA11AA1111}
		{C3C3C3C3-3333-4333-8333-333333333333} = {5B5B76A0-7B6A-4B5E-8F9B-22BB22BB2222}
	EndGlobalSection
EndGlobal
